
Microsoft Visual Studio Solution File, Format Version 12.00
# Visual Studio Version 17
VisualStudioVersion = 17.4.33110.190
MinimumVisualStudioVersion = 10.0.40219.1
Project("{8BC9CEB8-8B4A-11D0-8D11-00A0C91BC942}") = "REngine", "Engine\REngine.vcxproj", "{A855185A-72D7-44AA-A383-36B06075096D}"
EndProject
Project("{8BC9CEB8-8B4A-11D0-8D11-00A0C91BC942}") = "App", "Engine\App.vcxproj", "{2128A3C3-99C3-47D7-9A38-0D2A1300FE56}"
	ProjectSection(ProjectDependencies) = postProject
		{A855185A-72D7-44AA-A383-36B06075096D} = {A855185A-72D7-44AA-A383-36B06075096D}
	EndProjectSection
EndProject
Global
	GlobalSection(SolutionConfigurationPlatforms) = preSolution
		Debug|x64 = Debug|x64
		Debug|x86 = Debug|x86
		Release|x64 = Release|x64
		Release|x86 = Release|x86
	EndGlobalSection
	GlobalSection(ProjectConfigurationPlatforms) = postSolution
		{A855185A-72D7-44AA-A383-36B06075096D}.Debug|x64.ActiveCfg = Debug|x64
		{A855185A-72D7-44AA-A383-36B06075096D}.Debug|x64.Build.0 = Debug|x64
		{A855185A-72D7-44AA-A383-36B06075096D}.Debug|x86.ActiveCfg = Debug|Win32
		{A855185A-72D7-44AA-A383-36B06075096D}.Debug|x86.Build.0 = Debug|Win32
		{A855185A-72D7-44AA-A383-36B06075096D}.Release|x64.ActiveCfg = Release|x64
		{A855185A-72D7-44AA-A383-36B06075096D}.Release|x64.Build.0 = Release|x64
		{A855185A-72D7-44AA-A383-36B06075096D}.Release|x86.ActiveCfg = Release|Win32
		{A855185A-72D7-44AA-A383-36B06075096D}.Release|x86.Build.0 = Release|Win32
		{2128A3C3-99C3-47D7-9A38-0D2A1300FE56}.Debug|x64.ActiveCfg = Debug|x64
		{2128A3C3-99C3-47D7-9A38-0D2A1300FE56}.Debug|x64.Build.0 = Debug|x64
		{2128A3C3-99C3-47D7-9A38-0D2A1300FE56}.Debug|x86.ActiveCfg = Debug|Win32
		{2128A3C3-99C3-47D7-9A38-0D2A1300FE56}.Debug|x86.Build.0 = Debug|Win32
		{2128A3C3-99C3-47D7-9A38-0D2A1300FE56}.Release|x64.ActiveCfg = Release|x64
		{2128A3C3-99C3-47D7-9A38-0D2A1300FE56}.Release|x64.Build.0 = Release|x64
		{2128A3C3-99C3-47D7-9A38-0D2A1300FE56}.Release|x86.ActiveCfg = Release|Win32
		{2128A3C3-99C3-47D7-9A38-0D2A1300FE56}.Release|x86.Build.0 = Release|Win32
	EndGlobalSection
	GlobalSection(SolutionProperties) = preSolution
		HideSolutionNode = FALSE
	EndGlobalSection
	GlobalSection(ExtensibilityGlobals) = postSolution
		SolutionGuid = {5623FB52-074E-4767-9A17-EF13537528CB}
	EndGlobalSection
EndGlobal
